
Microsoft Visual Studio Solution File, Format Version 12.00
# Visual Studio Version 17
VisualStudioVersion = 17.0.31903.59
MinimumVisualStudioVersion = 10.0.40219.1
Project("{2150E333-8FDC-42A3-9474-1A3956D46DE8}") = "src", "src", "{1E029A1F-993E-404D-BB38-6CF67C756428}"
EndProject
Project("{FAE04EC0-301F-11D3-BF4B-00C04F79EFBC}") = "Ac.Domain", "src\Ac.Domain\Ac.Domain.csproj", "{CBE36BCA-0B41-4E83-9016-185F8B7F92EC}"
EndProject
Project("{FAE04EC0-301F-11D3-BF4B-00C04F79EFBC}") = "App.Wpf", "src\App.Wpf\App.Wpf.csproj", "{48B55114-9CDE-4AD4-8770-D3C9A611B4EF}"
EndProject
Project("{FAE04EC0-301F-11D3-BF4B-00C04F79EFBC}") = "App.MapUi", "src\App.MapUi\App.MapUi.csproj", "{5B4409D2-06E7-4D86-AB89-0FA2693F748C}"
EndProject
Project("{FAE04EC0-301F-11D3-BF4B-00C04F79EFBC}") = "Ac.Export.AiLine", "src\Ac.Export.AiLine\Ac.Export.AiLine.csproj", "{A62701E2-5049-442C-8608-AD958C11A61F}"
EndProject
Project("{FAE04EC0-301F-11D3-BF4B-00C04F79EFBC}") = "Ac.Export.Kn5Pipeline", "src\Ac.Export.Kn5Pipeline\Ac.Export.Kn5Pipeline.csproj", "{7FF19FB6-DD8E-4B4E-A256-5F2A6D296291}"
EndProject
Project("{FAE04EC0-301F-11D3-BF4B-00C04F79EFBC}") = "Ac.Export.Packaging", "src\Ac.Export.Packaging\Ac.Export.Packaging.csproj", "{1B53798D-3CB8-42F4-BAE6-E3ADAFD4F63E}"
EndProject
Project("{FAE04EC0-301F-11D3-BF4B-00C04F79EFBC}") = "Ac.Export.SceneBuilder", "src\Ac.Export.SceneBuilder\Ac.Export.SceneBuilder.csproj", "{A2C1C0EE-8DFB-467D-94AA-F69C0327763E}"
EndProject
Project("{FAE04EC0-301F-11D3-BF4B-00C04F79EFBC}") = "Common", "src\Common\Common.csproj", "{8F4D6FA3-529E-441A-A281-CD756E5F09E8}"
EndProject
Project("{FAE04EC0-301F-11D3-BF4B-00C04F79EFBC}") = "Geometry.MeshGen", "src\Geometry.MeshGen\Geometry.MeshGen.csproj", "{AFA19B29-8191-458E-AB16-47B61773784E}"
EndProject
Project("{FAE04EC0-301F-11D3-BF4B-00C04F79EFBC}") = "Geometry.RoadNetwork", "src\Geometry.RoadNetwork\Geometry.RoadNetwork.csproj", "{32F66294-5541-4490-AA42-DD2C96209CF9}"
EndProject
Project("{FAE04EC0-301F-11D3-BF4B-00C04F79EFBC}") = "Geometry.TrackLayout", "src\Geometry.TrackLayout\Geometry.TrackLayout.csproj", "{4AA8FA15-1DE5-4796-BF4D-7E582A46D222}"
EndProject
Project("{FAE04EC0-301F-11D3-BF4B-00C04F79EFBC}") = "Osm.Ingestion", "src\Osm.Ingestion\Osm.Ingestion.csproj", "{70336240-B03A-46F7-A9CD-88DFB071AB3B}"
EndProject
Project("{FAE04EC0-301F-11D3-BF4B-00C04F79EFBC}") = "Pipeline.Orchestration", "src\Pipeline.Orchestration\Pipeline.Orchestration.csproj", "{28BDFDB4-4050-4164-B7C9-292E64D92ACD}"
EndProject
Project("{FAE04EC0-301F-11D3-BF4B-00C04F79EFBC}") = "Terrain.Elevation", "src\Terrain.Elevation\Terrain.Elevation.csproj", "{53681B4D-D83B-435A-87EC-E84DBFEAA98B}"
EndProject
Project("{2150E333-8FDC-42A3-9474-1A3956D46DE8}") = "tools", "tools", "{C9AD0EC9-B4E6-45AB-8DA8-C5CC7D172ECA}"
EndProject
Project("{FAE04EC0-301F-11D3-BF4B-00C04F79EFBC}") = "Phase0Spike", "tools\Phase0Spike\Phase0Spike.csproj", "{C53CA8CA-19AD-4F74-AD86-9DC261EE0497}"
EndProject
Project("{2150E333-8FDC-42A3-9474-1A3956D46DE8}") = "tests", "tests", "{AA104673-C27D-47B3-882F-9E49D689D7C0}"
EndProject
Project("{FAE04EC0-301F-11D3-BF4B-00C04F79EFBC}") = "Ac.Export.AiLine.Tests", "tests\Ac.Export.AiLine.Tests\Ac.Export.AiLine.Tests.csproj", "{E2D79408-66C6-4A52-B9D3-CED9FFD41252}"
EndProject
Project("{FAE04EC0-301F-11D3-BF4B-00C04F79EFBC}") = "Ac.Export.Kn5Pipeline.Tests", "tests\Ac.Export.Kn5Pipeline.Tests\Ac.Export.Kn5Pipeline.Tests.csproj", "{6830AFC7-2C4C-4155-954C-5D32B1FEB217}"
EndProject
Project("{FAE04EC0-301F-11D3-BF4B-00C04F79EFBC}") = "Geometry.MeshGen.Tests", "tests\Geometry.MeshGen.Tests\Geometry.MeshGen.Tests.csproj", "{0C6547F8-C3BA-446B-AD03-CEBEC268CD7F}"
EndProject
Project("{FAE04EC0-301F-11D3-BF4B-00C04F79EFBC}") = "Osm.Ingestion.Tests", "tests\Osm.Ingestion.Tests\Osm.Ingestion.Tests.csproj", "{97DFA046-3D39-45E8-8695-1F3D9594A010}"
EndProject
Project("{FAE04EC0-301F-11D3-BF4B-00C04F79EFBC}") = "Geometry.RoadNetwork.Tests", "tests\Geometry.RoadNetwork.Tests\Geometry.RoadNetwork.Tests.csproj", "{9B6A0DB6-B61E-4702-B10E-4BB5D522993C}"
EndProject
Project("{FAE04EC0-301F-11D3-BF4B-00C04F79EFBC}") = "Terrain.Elevation.Tests", "tests\Terrain.Elevation.Tests\Terrain.Elevation.Tests.csproj", "{15E96A19-2E88-4111-B0DA-BE68178690B3}"
EndProject
Global
	GlobalSection(SolutionConfigurationPlatforms) = preSolution
		Debug|Any CPU = Debug|Any CPU
		Release|Any CPU = Release|Any CPU
	EndGlobalSection
	GlobalSection(SolutionProperties) = preSolution
		HideSolutionNode = FALSE
	EndGlobalSection
	GlobalSection(ProjectConfigurationPlatforms) = postSolution
		{48B55114-9CDE-4AD4-8770-D3C9A611B4EF}.Debug|Any CPU.ActiveCfg = Debug|Any CPU
		{48B55114-9CDE-4AD4-8770-D3C9A611B4EF}.Debug|Any CPU.Build.0 = Debug|Any CPU
		{48B55114-9CDE-4AD4-8770-D3C9A611B4EF}.Release|Any CPU.ActiveCfg = Release|Any CPU
		{48B55114-9CDE-4AD4-8770-D3C9A611B4EF}.Release|Any CPU.Build.0 = Release|Any CPU
		{5B4409D2-06E7-4D86-AB89-0FA2693F748C}.Debug|Any CPU.ActiveCfg = Debug|Any CPU
		{5B4409D2-06E7-4D86-AB89-0FA2693F748C}.Debug|Any CPU.Build.0 = Debug|Any CPU
		{5B4409D2-06E7-4D86-AB89-0FA2693F748C}.Release|Any CPU.ActiveCfg = Release|Any CPU
		{5B4409D2-06E7-4D86-AB89-0FA2693F748C}.Release|Any CPU.Build.0 = Release|Any CPU
		{CBE36BCA-0B41-4E83-9016-185F8B7F92EC}.Debug|Any CPU.ActiveCfg = Debug|Any CPU
		{CBE36BCA-0B41-4E83-9016-185F8B7F92EC}.Debug|Any CPU.Build.0 = Debug|Any CPU
		{CBE36BCA-0B41-4E83-9016-185F8B7F92EC}.Release|Any CPU.ActiveCfg = Release|Any CPU
		{CBE36BCA-0B41-4E83-9016-185F8B7F92EC}.Release|Any CPU.Build.0 = Release|Any CPU
		{A62701E2-5049-442C-8608-AD958C11A61F}.Debug|Any CPU.ActiveCfg = Debug|Any CPU
		{A62701E2-5049-442C-8608-AD958C11A61F}.Debug|Any CPU.Build.0 = Debug|Any CPU
		{A62701E2-5049-442C-8608-AD958C11A61F}.Release|Any CPU.ActiveCfg = Release|Any CPU
		{A62701E2-5049-442C-8608-AD958C11A61F}.Release|Any CPU.Build.0 = Release|Any CPU
		{7FF19FB6-DD8E-4B4E-A256-5F2A6D296291}.Debug|Any CPU.ActiveCfg = Debug|Any CPU
		{7FF19FB6-DD8E-4B4E-A256-5F2A6D296291}.Debug|Any CPU.Build.0 = Debug|Any CPU
		{7FF19FB6-DD8E-4B4E-A256-5F2A6D296291}.Release|Any CPU.ActiveCfg = Release|Any CPU
		{7FF19FB6-DD8E-4B4E-A256-5F2A6D296291}.Release|Any CPU.Build.0 = Release|Any CPU
		{1B53798D-3CB8-42F4-BAE6-E3ADAFD4F63E}.Debug|Any CPU.ActiveCfg = Debug|Any CPU
		{1B53798D-3CB8-42F4-BAE6-E3ADAFD4F63E}.Debug|Any CPU.Build.0 = Debug|Any CPU
		{1B53798D-3CB8-42F4-BAE6-E3ADAFD4F63E}.Release|Any CPU.ActiveCfg = Release|Any CPU
		{1B53798D-3CB8-42F4-BAE6-E3ADAFD4F63E}.Release|Any CPU.Build.0 = Release|Any CPU
		{A2C1C0EE-8DFB-467D-94AA-F69C0327763E}.Debug|Any CPU.ActiveCfg = Debug|Any CPU
		{A2C1C0EE-8DFB-467D-94AA-F69C0327763E}.Debug|Any CPU.Build.0 = Debug|Any CPU
		{A2C1C0EE-8DFB-467D-94AA-F69C0327763E}.Release|Any CPU.ActiveCfg = Release|Any CPU
		{A2C1C0EE-8DFB-467D-94AA-F69C0327763E}.Release|Any CPU.Build.0 = Release|Any CPU
		{8F4D6FA3-529E-441A-A281-CD756E5F09E8}.Debug|Any CPU.ActiveCfg = Debug|Any CPU
		{8F4D6FA3-529E-441A-A281-CD756E5F09E8}.Debug|Any CPU.Build.0 = Debug|Any CPU
		{8F4D6FA3-529E-441A-A281-CD756E5F09E8}.Release|Any CPU.ActiveCfg = Release|Any CPU
		{8F4D6FA3-529E-441A-A281-CD756E5F09E8}.Release|Any CPU.Build.0 = Release|Any CPU
		{AFA19B29-8191-458E-AB16-47B61773784E}.Debug|Any CPU.ActiveCfg = Debug|Any CPU
		{AFA19B29-8191-458E-AB16-47B61773784E}.Debug|Any CPU.Build.0 = Debug|Any CPU
		{AFA19B29-8191-458E-AB16-47B61773784E}.Release|Any CPU.ActiveCfg = Release|Any CPU
		{AFA19B29-8191-458E-AB16-47B61773784E}.Release|Any CPU.Build.0 = Release|Any CPU
		{32F66294-5541-4490-AA42-DD2C96209CF9}.Debug|Any CPU.ActiveCfg = Debug|Any CPU
		{32F66294-5541-4490-AA42-DD2C96209CF9}.Debug|Any CPU.Build.0 = Debug|Any CPU
		{32F66294-5541-4490-AA42-DD2C96209CF9}.Release|Any CPU.ActiveCfg = Release|Any CPU
		{32F66294-5541-4490-AA42-DD2C96209CF9}.Release|Any CPU.Build.0 = Release|Any CPU
		{4AA8FA15-1DE5-4796-BF4D-7E582A46D222}.Debug|Any CPU.ActiveCfg = Debug|Any CPU
		{4AA8FA15-1DE5-4796-BF4D-7E582A46D222}.Debug|Any CPU.Build.0 = Debug|Any CPU
		{4AA8FA15-1DE5-4796-BF4D-7E582A46D222}.Release|Any CPU.ActiveCfg = Release|Any CPU
		{4AA8FA15-1DE5-4796-BF4D-7E582A46D222}.Release|Any CPU.Build.0 = Release|Any CPU
		{70336240-B03A-46F7-A9CD-88DFB071AB3B}.Debug|Any CPU.ActiveCfg = Debug|Any CPU
		{70336240-B03A-46F7-A9CD-88DFB071AB3B}.Debug|Any CPU.Build.0 = Debug|Any CPU
		{70336240-B03A-46F7-A9CD-88DFB071AB3B}.Release|Any CPU.ActiveCfg = Release|Any CPU
		{70336240-B03A-46F7-A9CD-88DFB071AB3B}.Release|Any CPU.Build.0 = Release|Any CPU
		{28BDFDB4-4050-4164-B7C9-292E64D92ACD}.Debug|Any CPU.ActiveCfg = Debug|Any CPU
		{28BDFDB4-4050-4164-B7C9-292E64D92ACD}.Debug|Any CPU.Build.0 = Debug|Any CPU
		{28BDFDB4-4050-4164-B7C9-292E64D92ACD}.Release|Any CPU.ActiveCfg = Release|Any CPU
		{28BDFDB4-4050-4164-B7C9-292E64D92ACD}.Release|Any CPU.Build.0 = Release|Any CPU
		{53681B4D-D83B-435A-87EC-E84DBFEAA98B}.Debug|Any CPU.ActiveCfg = Debug|Any CPU
		{53681B4D-D83B-435A-87EC-E84DBFEAA98B}.Debug|Any CPU.Build.0 = Debug|Any CPU
		{53681B4D-D83B-435A-87EC-E84DBFEAA98B}.Release|Any CPU.ActiveCfg = Release|Any CPU
		{53681B4D-D83B-435A-87EC-E84DBFEAA98B}.Release|Any CPU.Build.0 = Release|Any CPU
		{C53CA8CA-19AD-4F74-AD86-9DC261EE0497}.Debug|Any CPU.ActiveCfg = Debug|Any CPU
		{C53CA8CA-19AD-4F74-AD86-9DC261EE0497}.Debug|Any CPU.Build.0 = Debug|Any CPU
		{C53CA8CA-19AD-4F74-AD86-9DC261EE0497}.Release|Any CPU.ActiveCfg = Release|Any CPU
		{C53CA8CA-19AD-4F74-AD86-9DC261EE0497}.Release|Any CPU.Build.0 = Release|Any CPU
		{E2D79408-66C6-4A52-B9D3-CED9FFD41252}.Debug|Any CPU.ActiveCfg = Debug|Any CPU
		{E2D79408-66C6-4A52-B9D3-CED9FFD41252}.Debug|Any CPU.Build.0 = Debug|Any CPU
		{E2D79408-66C6-4A52-B9D3-CED9FFD41252}.Release|Any CPU.ActiveCfg = Release|Any CPU
		{E2D79408-66C6-4A52-B9D3-CED9FFD41252}.Release|Any CPU.Build.0 = Release|Any CPU
		{6830AFC7-2C4C-4155-954C-5D32B1FEB217}.Debug|Any CPU.ActiveCfg = Debug|Any CPU
		{6830AFC7-2C4C-4155-954C-5D32B1FEB217}.Debug|Any CPU.Build.0 = Debug|Any CPU
		{6830AFC7-2C4C-4155-954C-5D32B1FEB217}.Release|Any CPU.ActiveCfg = Release|Any CPU
		{6830AFC7-2C4C-4155-954C-5D32B1FEB217}.Release|Any CPU.Build.0 = Release|Any CPU
		{0C6547F8-C3BA-446B-AD03-CEBEC268CD7F}.Debug|Any CPU.ActiveCfg = Debug|Any CPU
		{0C6547F8-C3BA-446B-AD03-CEBEC268CD7F}.Debug|Any CPU.Build.0 = Debug|Any CPU
		{0C6547F8-C3BA-446B-AD03-CEBEC268CD7F}.Release|Any CPU.ActiveCfg = Release|Any CPU
		{0C6547F8-C3BA-446B-AD03-CEBEC268CD7F}.Release|Any CPU.Build.0 = Release|Any CPU
		{97DFA046-3D39-45E8-8695-1F3D9594A010}.Debug|Any CPU.ActiveCfg = Debug|Any CPU
		{97DFA046-3D39-45E8-8695-1F3D9594A010}.Debug|Any CPU.Build.0 = Debug|Any CPU
		{97DFA046-3D39-45E8-8695-1F3D9594A010}.Release|Any CPU.ActiveCfg = Release|Any CPU
		{97DFA046-3D39-45E8-8695-1F3D9594A010}.Release|Any CPU.Build.0 = Release|Any CPU
		{9B6A0DB6-B61E-4702-B10E-4BB5D522993C}.Debug|Any CPU.ActiveCfg = Debug|Any CPU
		{9B6A0DB6-B61E-4702-B10E-4BB5D522993C}.Debug|Any CPU.Build.0 = Debug|Any CPU
		{9B6A0DB6-B61E-4702-B10E-4BB5D522993C}.Release|Any CPU.ActiveCfg = Release|Any CPU
		{9B6A0DB6-B61E-4702-B10E-4BB5D522993C}.Release|Any CPU.Build.0 = Release|Any CPU
		{15E96A19-2E88-4111-B0DA-BE68178690B3}.Debug|Any CPU.ActiveCfg = Debug|Any CPU
		{15E96A19-2E88-4111-B0DA-BE68178690B3}.Debug|Any CPU.Build.0 = Debug|Any CPU
		{15E96A19-2E88-4111-B0DA-BE68178690B3}.Release|Any CPU.ActiveCfg = Release|Any CPU
		{15E96A19-2E88-4111-B0DA-BE68178690B3}.Release|Any CPU.Build.0 = Release|Any CPU
	EndGlobalSection
	GlobalSection(NestedProjects) = preSolution
		{48B55114-9CDE-4AD4-8770-D3C9A611B4EF} = {1E029A1F-993E-404D-BB38-6CF67C756428}
		{5B4409D2-06E7-4D86-AB89-0FA2693F748C} = {1E029A1F-993E-404D-BB38-6CF67C756428}
		{CBE36BCA-0B41-4E83-9016-185F8B7F92EC} = {1E029A1F-993E-404D-BB38-6CF67C756428}
		{A62701E2-5049-442C-8608-AD958C11A61F} = {1E029A1F-993E-404D-BB38-6CF67C756428}
		{7FF19FB6-DD8E-4B4E-A256-5F2A6D296291} = {1E029A1F-993E-404D-BB38-6CF67C756428}
		{1B53798D-3CB8-42F4-BAE6-E3ADAFD4F63E} = {1E029A1F-993E-404D-BB38-6CF67C756428}
		{A2C1C0EE-8DFB-467D-94AA-F69C0327763E} = {1E029A1F-993E-404D-BB38-6CF67C756428}
		{8F4D6FA3-529E-441A-A281-CD756E5F09E8} = {1E029A1F-993E-404D-BB38-6CF67C756428}
		{AFA19B29-8191-458E-AB16-47B61773784E} = {1E029A1F-993E-404D-BB38-6CF67C756428}
		{32F66294-5541-4490-AA42-DD2C96209CF9} = {1E029A1F-993E-404D-BB38-6CF67C756428}
		{4AA8FA15-1DE5-4796-BF4D-7E582A46D222} = {1E029A1F-993E-404D-BB38-6CF67C756428}
		{70336240-B03A-46F7-A9CD-88DFB071AB3B} = {1E029A1F-993E-404D-BB38-6CF67C756428}
		{28BDFDB4-4050-4164-B7C9-292E64D92ACD} = {1E029A1F-993E-404D-BB38-6CF67C756428}
		{53681B4D-D83B-435A-87EC-E84DBFEAA98B} = {1E029A1F-993E-404D-BB38-6CF67C756428}
		{C53CA8CA-19AD-4F74-AD86-9DC261EE0497} = {C9AD0EC9-B4E6-45AB-8DA8-C5CC7D172ECA}
		{E2D79408-66C6-4A52-B9D3-CED9FFD41252} = {AA104673-C27D-47B3-882F-9E49D689D7C0}
		{6830AFC7-2C4C-4155-954C-5D32B1FEB217} = {AA104673-C27D-47B3-882F-9E49D689D7C0}
		{0C6547F8-C3BA-446B-AD03-CEBEC268CD7F} = {AA104673-C27D-47B3-882F-9E49D689D7C0}
		{97DFA046-3D39-45E8-8695-1F3D9594A010} = {AA104673-C27D-47B3-882F-9E49D689D7C0}
		{9B6A0DB6-B61E-4702-B10E-4BB5D522993C} = {AA104673-C27D-47B3-882F-9E49D689D7C0}
		{15E96A19-2E88-4111-B0DA-BE68178690B3} = {AA104673-C27D-47B3-882F-9E49D689D7C0}
	EndGlobalSection
EndGlobal
